
Microsoft Visual Studio Solution File, Format Version 12.00
# Visual Studio Version 16
VisualStudioVersion = 16.0.30225.117
MinimumVisualStudioVersion = 10.0.40219.1
Project("{888888A0-9F3D-457C-B088-3A5042F75D52}") = "py1", "py1\py1.pyproj", "{B6A4AA0D-F362-4426-BA04-BE20E4FD1E40}"
EndProject
Global
	GlobalSection(SolutionConfigurationPlatforms) = preSolution
		Debug|Any CPU = Debug|Any CPU
		Release|Any CPU = Release|Any CPU
	EndGlobalSection
	GlobalSection(ProjectConfigurationPlatforms) = postSolution
		{B6A4AA0D-F362-4426-BA04-BE20E4FD1E40}.Debug|Any CPU.ActiveCfg = Debug|Any CPU
		{B6A4AA0D-F362-4426-BA04-BE20E4FD1E40}.Release|Any CPU.ActiveCfg = Release|Any CPU
	EndGlobalSection
	GlobalSection(SolutionProperties) = preSolution
		HideSolutionNode = FALSE
	EndGlobalSection
	GlobalSection(ExtensibilityGlobals) = postSolution
		SolutionGuid = {4129CAE8-0E39-4893-B871-94397719CCF8}
	EndGlobalSection
EndGlobal
